// !$*UTF8*$!
{
	archiveVersion = 1;
	classes = {
	};
	objectVersion = 46;
	objects = {

/* Begin PBXBuildFile section */
		4DC5BA3FE19EA8CF2E4C858A /* libPods-FirebaseChatPrototype.a in Frameworks */ = {isa = PBXBuildFile; fileRef = E5A2234D3C9FAA8A0787A816 /* libPods-FirebaseChatPrototype.a */; };
		4F1E74331D3DC139007DC2C3 /* main.m in Sources */ = {isa = PBXBuildFile; fileRef = 4F1E74321D3DC139007DC2C3 /* main.m */; };
		4F1E74361D3DC139007DC2C3 /* AppDelegate.m in Sources */ = {isa = PBXBuildFile; fileRef = 4F1E74351D3DC139007DC2C3 /* AppDelegate.m */; };
		4F1E743C1D3DC139007DC2C3 /* Main.storyboard in Resources */ = {isa = PBXBuildFile; fileRef = 4F1E743A1D3DC139007DC2C3 /* Main.storyboard */; };
		4F1E743E1D3DC139007DC2C3 /* Assets.xcassets in Resources */ = {isa = PBXBuildFile; fileRef = 4F1E743D1D3DC139007DC2C3 /* Assets.xcassets */; };
		4F1E74411D3DC139007DC2C3 /* LaunchScreen.storyboard in Resources */ = {isa = PBXBuildFile; fileRef = 4F1E743F1D3DC139007DC2C3 /* LaunchScreen.storyboard */; };
		4F1E74491D3DC191007DC2C3 /* GoogleService-Info.plist in Resources */ = {isa = PBXBuildFile; fileRef = 4F1E74481D3DC191007DC2C3 /* GoogleService-Info.plist */; };
		4F1E744E1D3DC72C007DC2C3 /* ChatViewController.m in Sources */ = {isa = PBXBuildFile; fileRef = 4F1E744D1D3DC72C007DC2C3 /* ChatViewController.m */; };
		4F1E74571D3DCB26007DC2C3 /* ChatTableViewCell.m in Sources */ = {isa = PBXBuildFile; fileRef = 4F1E74551D3DCB26007DC2C3 /* ChatTableViewCell.m */; };
		4F1E74581D3DCB26007DC2C3 /* ChatTableViewCell.xib in Resources */ = {isa = PBXBuildFile; fileRef = 4F1E74561D3DCB26007DC2C3 /* ChatTableViewCell.xib */; };
/* End PBXBuildFile section */

/* Begin PBXFileReference section */
		468B624E0A6B872A847FA35F /* Pods-FirebaseChatPrototype.release.xcconfig */ = {isa = PBXFileReference; includeInIndex = 1; lastKnownFileType = text.xcconfig; name = "Pods-FirebaseChatPrototype.release.xcconfig"; path = "Pods/Target Support Files/Pods-FirebaseChatPrototype/Pods-FirebaseChatPrototype.release.xcconfig"; sourceTree = "<group>"; };
		4F1E742E1D3DC139007DC2C3 /* FirebaseChatPrototype.app */ = {isa = PBXFileReference; explicitFileType = wrapper.application; includeInIndex = 0; path = FirebaseChatPrototype.app; sourceTree = BUILT_PRODUCTS_DIR; };
		4F1E74321D3DC139007DC2C3 /* main.m */ = {isa = PBXFileReference; lastKnownFileType = sourcecode.c.objc; path = main.m; sourceTree = "<group>"; };
		4F1E74341D3DC139007DC2C3 /* AppDelegate.h */ = {isa = PBXFileReference; lastKnownFileType = sourcecode.c.h; path = AppDelegate.h; sourceTree = "<group>"; };
		4F1E74351D3DC139007DC2C3 /* AppDelegate.m */ = {isa = PBXFileReference; lastKnownFileType = sourcecode.c.objc; path = AppDelegate.m; sourceTree = "<group>"; };
		4F1E743B1D3DC139007DC2C3 /* Base */ = {isa = PBXFileReference; lastKnownFileType = file.storyboard; name = Base; path = Base.lproj/Main.storyboard; sourceTree = "<group>"; };
		4F1E743D1D3DC139007DC2C3 /* Assets.xcassets */ = {isa = PBXFileReference; lastKnownFileType = folder.assetcatalog; path = Assets.xcassets; sourceTree = "<group>"; };
		4F1E74401D3DC139007DC2C3 /* Base */ = {isa = PBXFileReference; lastKnownFileType = file.storyboard; name = Base; path = Base.lproj/LaunchScreen.storyboard; sourceTree = "<group>"; };
		4F1E74421D3DC139007DC2C3 /* Info.plist */ = {isa = PBXFileReference; lastKnownFileType = text.plist.xml; path = Info.plist; sourceTree = "<group>"; };
		4F1E74481D3DC191007DC2C3 /* GoogleService-Info.plist */ = {isa = PBXFileReference; fileEncoding = 4; lastKnownFileType = text.plist.xml; name = "GoogleService-Info.plist"; path = "../../../../Downloads/GoogleService-Info.plist"; sourceTree = "<group>"; };
		4F1E744C1D3DC72C007DC2C3 /* ChatViewController.h */ = {isa = PBXFileReference; fileEncoding = 4; lastKnownFileType = sourcecode.c.h; path = ChatViewController.h; sourceTree = "<group>"; };
		4F1E744D1D3DC72C007DC2C3 /* ChatViewController.m */ = {isa = PBXFileReference; fileEncoding = 4; lastKnownFileType = sourcecode.c.objc; path = ChatViewController.m; sourceTree = "<group>"; };
		4F1E74541D3DCB26007DC2C3 /* ChatTableViewCell.h */ = {isa = PBXFileReference; fileEncoding = 4; lastKnownFileType = sourcecode.c.h; path = ChatTableViewCell.h; sourceTree = "<group>"; };
		4F1E74551D3DCB26007DC2C3 /* ChatTableViewCell.m */ = {isa = PBXFileReference; fileEncoding = 4; lastKnownFileType = sourcecode.c.objc; path = ChatTableViewCell.m; sourceTree = "<group>"; };
		4F1E74561D3DCB26007DC2C3 /* ChatTableViewCell.xib */ = {isa = PBXFileReference; fileEncoding = 4; lastKnownFileType = file.xib; path = ChatTableViewCell.xib; sourceTree = "<group>"; };
		A580756370DFA8CF654E3B1A /* Pods-FirebaseChatPrototype.debug.xcconfig */ = {isa = PBXFileReference; includeInIndex = 1; lastKnownFileType = text.xcconfig; name = "Pods-FirebaseChatPrototype.debug.xcconfig"; path = "Pods/Target Support Files/Pods-FirebaseChatPrototype/Pods-FirebaseChatPrototype.debug.xcconfig"; sourceTree = "<group>"; };
		E5A2234D3C9FAA8A0787A816 /* libPods-FirebaseChatPrototype.a */ = {isa = PBXFileReference; explicitFileType = archive.ar; includeInIndex = 0; path = "libPods-FirebaseChatPrototype.a"; sourceTree = BUILT_PRODUCTS_DIR; };
/* End PBXFileReference section */

/* Begin PBXFrameworksBuildPhase section */
		4F1E742B1D3DC139007DC2C3 /* Frameworks */ = {
			isa = PBXFrameworksBuildPhase;
			buildActionMask = 2147483647;
			files = (
				4DC5BA3FE19EA8CF2E4C858A /* libPods-FirebaseChatPrototype.a in Frameworks */,
			);
			runOnlyForDeploymentPostprocessing = 0;
		};
/* End PBXFrameworksBuildPhase section */

/* Begin PBXGroup section */
		4464F28D8FD9FDCC003FE7BE /* Pods */ = {
			isa = PBXGroup;
			children = (
				A580756370DFA8CF654E3B1A /* Pods-FirebaseChatPrototype.debug.xcconfig */,
				468B624E0A6B872A847FA35F /* Pods-FirebaseChatPrototype.release.xcconfig */,
			);
			name = Pods;
			sourceTree = "<group>";
		};
		47A7F72DA50A88A1779BA585 /* Frameworks */ = {
			isa = PBXGroup;
			children = (
				E5A2234D3C9FAA8A0787A816 /* libPods-FirebaseChatPrototype.a */,
			);
			name = Frameworks;
			sourceTree = "<group>";
		};
		4F1E74251D3DC139007DC2C3 = {
			isa = PBXGroup;
			children = (
				4F1E74301D3DC139007DC2C3 /* FirebaseChatPrototype */,
				4F1E742F1D3DC139007DC2C3 /* Products */,
				4464F28D8FD9FDCC003FE7BE /* Pods */,
				47A7F72DA50A88A1779BA585 /* Frameworks */,
			);
			sourceTree = "<group>";
		};
		4F1E742F1D3DC139007DC2C3 /* Products */ = {
			isa = PBXGroup;
			children = (
				4F1E742E1D3DC139007DC2C3 /* FirebaseChatPrototype.app */,
			);
			name = Products;
			sourceTree = "<group>";
		};
		4F1E74301D3DC139007DC2C3 /* FirebaseChatPrototype */ = {
			isa = PBXGroup;
			children = (
				4F1E74341D3DC139007DC2C3 /* AppDelegate.h */,
				4F1E74351D3DC139007DC2C3 /* AppDelegate.m */,
				4F1E74521D3DC79A007DC2C3 /* Config */,
				4F1E744F1D3DC763007DC2C3 /* Resource */,
				4F1E74501D3DC76E007DC2C3 /* Source */,
				4F1E74511D3DC78E007DC2C3 /* Storyboards */,
				4F1E74311D3DC139007DC2C3 /* Supporting Files */,
			);
			path = FirebaseChatPrototype;
			sourceTree = "<group>";
		};
		4F1E74311D3DC139007DC2C3 /* Supporting Files */ = {
			isa = PBXGroup;
			children = (
				4F1E74321D3DC139007DC2C3 /* main.m */,
			);
			name = "Supporting Files";
			sourceTree = "<group>";
		};
		4F1E744A1D3DC711007DC2C3 /* Chat */ = {
			isa = PBXGroup;
			children = (
				4F1E74531D3DCB0D007DC2C3 /* View */,
				4F1E744B1D3DC716007DC2C3 /* ViewController */,
			);
			name = Chat;
			sourceTree = "<group>";
		};
		4F1E744B1D3DC716007DC2C3 /* ViewController */ = {
			isa = PBXGroup;
			children = (
				4F1E744C1D3DC72C007DC2C3 /* ChatViewController.h */,
				4F1E744D1D3DC72C007DC2C3 /* ChatViewController.m */,
			);
			name = ViewController;
			sourceTree = "<group>";
		};
		4F1E744F1D3DC763007DC2C3 /* Resource */ = {
			isa = PBXGroup;
			children = (
				4F1E743D1D3DC139007DC2C3 /* Assets.xcassets */,
			);
			name = Resource;
			sourceTree = "<group>";
		};
		4F1E74501D3DC76E007DC2C3 /* Source */ = {
			isa = PBXGroup;
			children = (
				4F1E744A1D3DC711007DC2C3 /* Chat */,
			);
			name = Source;
			sourceTree = "<group>";
		};
		4F1E74511D3DC78E007DC2C3 /* Storyboards */ = {
			isa = PBXGroup;
			children = (
				4F1E743F1D3DC139007DC2C3 /* LaunchScreen.storyboard */,
				4F1E743A1D3DC139007DC2C3 /* Main.storyboard */,
			);
			name = Storyboards;
			sourceTree = "<group>";
		};
		4F1E74521D3DC79A007DC2C3 /* Config */ = {
			isa = PBXGroup;
			children = (
				4F1E74481D3DC191007DC2C3 /* GoogleService-Info.plist */,
				4F1E74421D3DC139007DC2C3 /* Info.plist */,
			);
			name = Config;
			sourceTree = "<group>";
		};
		4F1E74531D3DCB0D007DC2C3 /* View */ = {
			isa = PBXGroup;
			children = (
				4F1E74541D3DCB26007DC2C3 /* ChatTableViewCell.h */,
				4F1E74551D3DCB26007DC2C3 /* ChatTableViewCell.m */,
				4F1E74561D3DCB26007DC2C3 /* ChatTableViewCell.xib */,
			);
			name = View;
			sourceTree = "<group>";
		};
/* End PBXGroup section */

/* Begin PBXNativeTarget section */
		4F1E742D1D3DC139007DC2C3 /* FirebaseChatPrototype */ = {
			isa = PBXNativeTarget;
			buildConfigurationList = 4F1E74451D3DC139007DC2C3 /* Build configuration list for PBXNativeTarget "FirebaseChatPrototype" */;
			buildPhases = (
				4885EAF8FE43B8F33CA9D76C /* 📦 Check Pods Manifest.lock */,
				4F1E742A1D3DC139007DC2C3 /* Sources */,
				4F1E742B1D3DC139007DC2C3 /* Frameworks */,
				4F1E742C1D3DC139007DC2C3 /* Resources */,
				18B3B50B904E9808D1691400 /* 📦 Embed Pods Frameworks */,
				01C438CEBF250B03F8B97E80 /* 📦 Copy Pods Resources */,
			);
			buildRules = (
			);
			dependencies = (
			);
			name = FirebaseChatPrototype;
			productName = FirebaseChatPrototype;
			productReference = 4F1E742E1D3DC139007DC2C3 /* FirebaseChatPrototype.app */;
			productType = "com.apple.product-type.application";
		};
/* End PBXNativeTarget section */

/* Begin PBXProject section */
		4F1E74261D3DC139007DC2C3 /* Project object */ = {
			isa = PBXProject;
			attributes = {
				LastUpgradeCheck = 0730;
				ORGANIZATIONNAME = "Chase Gosingtian";
				TargetAttributes = {
					4F1E742D1D3DC139007DC2C3 = {
						CreatedOnToolsVersion = 7.3;
						DevelopmentTeam = T59E5438VR;
					};
				};
			};
			buildConfigurationList = 4F1E74291D3DC139007DC2C3 /* Build configuration list for PBXProject "FirebaseChatPrototype" */;
			compatibilityVersion = "Xcode 3.2";
			developmentRegion = English;
			hasScannedForEncodings = 0;
			knownRegions = (
				en,
				Base,
			);
			mainGroup = 4F1E74251D3DC139007DC2C3;
			productRefGroup = 4F1E742F1D3DC139007DC2C3 /* Products */;
			projectDirPath = "";
			projectRoot = "";
			targets = (
				4F1E742D1D3DC139007DC2C3 /* FirebaseChatPrototype */,
			);
		};
/* End PBXProject section */

/* Begin PBXResourcesBuildPhase section */
		4F1E742C1D3DC139007DC2C3 /* Resources */ = {
			isa = PBXResourcesBuildPhase;
			buildActionMask = 2147483647;
			files = (
				4F1E74411D3DC139007DC2C3 /* LaunchScreen.storyboard in Resources */,
				4F1E74491D3DC191007DC2C3 /* GoogleService-Info.plist in Resources */,
				4F1E74581D3DCB26007DC2C3 /* ChatTableViewCell.xib in Resources */,
				4F1E743E1D3DC139007DC2C3 /* Assets.xcassets in Resources */,
				4F1E743C1D3DC139007DC2C3 /* Main.storyboard in Resources */,
			);
			runOnlyForDeploymentPostprocessing = 0;
		};
/* End PBXResourcesBuildPhase section */

/* Begin PBXShellScriptBuildPhase section */
		01C438CEBF250B03F8B97E80 /* 📦 Copy Pods Resources */ = {
			isa = PBXShellScriptBuildPhase;
			buildActionMask = 2147483647;
			files = (
			);
			inputPaths = (
			);
			name = "📦 Copy Pods Resources";
			outputPaths = (
			);
			runOnlyForDeploymentPostprocessing = 0;
			shellPath = /bin/sh;
			shellScript = "\"${SRCROOT}/Pods/Target Support Files/Pods-FirebaseChatPrototype/Pods-FirebaseChatPrototype-resources.sh\"\n";
			showEnvVarsInLog = 0;
		};
		18B3B50B904E9808D1691400 /* 📦 Embed Pods Frameworks */ = {
			isa = PBXShellScriptBuildPhase;
			buildActionMask = 2147483647;
			files = (
			);
			inputPaths = (
			);
			name = "📦 Embed Pods Frameworks";
			outputPaths = (
			);
			runOnlyForDeploymentPostprocessing = 0;
			shellPath = /bin/sh;
			shellScript = "\"${SRCROOT}/Pods/Target Support Files/Pods-FirebaseChatPrototype/Pods-FirebaseChatPrototype-frameworks.sh\"\n";
			showEnvVarsInLog = 0;
		};
		4885EAF8FE43B8F33CA9D76C /* 📦 Check Pods Manifest.lock */ = {
			isa = PBXShellScriptBuildPhase;
			buildActionMask = 2147483647;
			files = (
			);
			inputPaths = (
			);
			name = "📦 Check Pods Manifest.lock";
			outputPaths = (
			);
			runOnlyForDeploymentPostprocessing = 0;
			shellPath = /bin/sh;
			shellScript = "diff \"${PODS_ROOT}/../Podfile.lock\" \"${PODS_ROOT}/Manifest.lock\" > /dev/null\nif [[ $? != 0 ]] ; then\n    cat << EOM\nerror: The sandbox is not in sync with the Podfile.lock. Run 'pod install' or update your CocoaPods installation.\nEOM\n    exit 1\nfi\n";
			showEnvVarsInLog = 0;
		};
/* End PBXShellScriptBuildPhase section */

/* Begin PBXSourcesBuildPhase section */
		4F1E742A1D3DC139007DC2C3 /* Sources */ = {
			isa = PBXSourcesBuildPhase;
			buildActionMask = 2147483647;
			files = (
				4F1E74361D3DC139007DC2C3 /* AppDelegate.m in Sources */,
				4F1E74571D3DCB26007DC2C3 /* ChatTableViewCell.m in Sources */,
				4F1E744E1D3DC72C007DC2C3 /* ChatViewController.m in Sources */,
				4F1E74331D3DC139007DC2C3 /* main.m in Sources */,
			);
			runOnlyForDeploymentPostprocessing = 0;
		};
/* End PBXSourcesBuildPhase section */

/* Begin PBXVariantGroup section */
		4F1E743A1D3DC139007DC2C3 /* Main.storyboard */ = {
			isa = PBXVariantGroup;
			children = (
				4F1E743B1D3DC139007DC2C3 /* Base */,
			);
			name = Main.storyboard;
			sourceTree = "<group>";
		};
		4F1E743F1D3DC139007DC2C3 /* LaunchScreen.storyboard */ = {
			isa = PBXVariantGroup;
			children = (
				4F1E74401D3DC139007DC2C3 /* Base */,
			);
			name = LaunchScreen.storyboard;
			sourceTree = "<group>";
		};
/* End PBXVariantGroup section */

/* Begin XCBuildConfiguration section */
		4F1E74431D3DC139007DC2C3 /* Debug */ = {
			isa = XCBuildConfiguration;
			buildSettings = {
				ALWAYS_SEARCH_USER_PATHS = NO;
				CLANG_ANALYZER_NONNULL = YES;
				CLANG_CXX_LANGUAGE_STANDARD = "gnu++0x";
				CLANG_CXX_LIBRARY = "libc++";
				CLANG_ENABLE_MODULES = YES;
				CLANG_ENABLE_OBJC_ARC = YES;
				CLANG_WARN_BOOL_CONVERSION = YES;
				CLANG_WARN_CONSTANT_CONVERSION = YES;
				CLANG_WARN_DIRECT_OBJC_ISA_USAGE = YES_ERROR;
				CLANG_WARN_EMPTY_BODY = YES;
				CLANG_WARN_ENUM_CONVERSION = YES;
				CLANG_WARN_INT_CONVERSION = YES;
				CLANG_WARN_OBJC_ROOT_CLASS = YES_ERROR;
				CLANG_WARN_UNREACHABLE_CODE = YES;
				CLANG_WARN__DUPLICATE_METHOD_MATCH = YES;
				"CODE_SIGN_IDENTITY[sdk=iphoneos*]" = "iPhone Developer";
				COPY_PHASE_STRIP = NO;
				DEBUG_INFORMATION_FORMAT = dwarf;
				ENABLE_STRICT_OBJC_MSGSEND = YES;
				ENABLE_TESTABILITY = YES;
				GCC_C_LANGUAGE_STANDARD = gnu99;
				GCC_DYNAMIC_NO_PIC = NO;
				GCC_NO_COMMON_BLOCKS = YES;
				GCC_OPTIMIZATION_LEVEL = 0;
				GCC_PREPROCESSOR_DEFINITIONS = (
					"DEBUG=1",
					"$(inherited)",
				);
				GCC_WARN_64_TO_32_BIT_CONVERSION = YES;
				GCC_WARN_ABOUT_RETURN_TYPE = YES_ERROR;
				GCC_WARN_UNDECLARED_SELECTOR = YES;
				GCC_WARN_UNINITIALIZED_AUTOS = YES_AGGRESSIVE;
				GCC_WARN_UNUSED_FUNCTION = YES;
				GCC_WARN_UNUSED_VARIABLE = YES;
				IPHONEOS_DEPLOYMENT_TARGET = 9.3;
				MTL_ENABLE_DEBUG_INFO = YES;
				ONLY_ACTIVE_ARCH = YES;
				SDKROOT = iphoneos;
				TARGETED_DEVICE_FAMILY = "1,2";
			};
			name = Debug;
		};
		4F1E74441D3DC139007DC2C3 /* Release */ = {
			isa = XCBuildConfiguration;
			buildSettings = {
				ALWAYS_SEARCH_USER_PATHS = NO;
				CLANG_ANALYZER_NONNULL = YES;
				CLANG_CXX_LANGUAGE_STANDARD = "gnu++0x";
				CLANG_CXX_LIBRARY = "libc++";
				CLANG_ENABLE_MODULES = YES;
				CLANG_ENABLE_OBJC_ARC = YES;
				CLANG_WARN_BOOL_CONVERSION = YES;
				CLANG_WARN_CONSTANT_CONVERSION = YES;
				CLANG_WARN_DIRECT_OBJC_ISA_USAGE = YES_ERROR;
				CLANG_WARN_EMPTY_BODY = YES;
				CLANG_WARN_ENUM_CONVERSION = YES;
				CLANG_WARN_INT_CONVERSION = YES;
				CLANG_WARN_OBJC_ROOT_CLASS = YES_ERROR;
				CLANG_WARN_UNREACHABLE_CODE = YES;
				CLANG_WARN__DUPLICATE_METHOD_MATCH = YES;
				"CODE_SIGN_IDENTITY[sdk=iphoneos*]" = "iPhone Developer";
				COPY_PHASE_STRIP = NO;
				DEBUG_INFORMATION_FORMAT = "dwarf-with-dsym";
				ENABLE_NS_ASSERTIONS = NO;
				ENABLE_STRICT_OBJC_MSGSEND = YES;
				GCC_C_LANGUAGE_STANDARD = gnu99;
				GCC_NO_COMMON_BLOCKS = YES;
				GCC_WARN_64_TO_32_BIT_CONVERSION = YES;
				GCC_WARN_ABOUT_RETURN_TYPE = YES_ERROR;
				GCC_WARN_UNDECLARED_SELECTOR = YES;
				GCC_WARN_UNINITIALIZED_AUTOS = YES_AGGRESSIVE;
				GCC_WARN_UNUSED_FUNCTION = YES;
				GCC_WARN_UNUSED_VARIABLE = YES;
				IPHONEOS_DEPLOYMENT_TARGET = 9.3;
				MTL_ENABLE_DEBUG_INFO = NO;
				SDKROOT = iphoneos;
				TARGETED_DEVICE_FAMILY = "1,2";
				VALIDATE_PRODUCT = YES;
			};
			name = Release;
		};
		4F1E74461D3DC139007DC2C3 /* Debug */ = {
			isa = XCBuildConfiguration;
			baseConfigurationReference = A580756370DFA8CF654E3B1A /* Pods-FirebaseChatPrototype.debug.xcconfig */;
			buildSettings = {
				ASSETCATALOG_COMPILER_APPICON_NAME = AppIcon;
				CODE_SIGN_IDENTITY = "iPhone Developer";
				"CODE_SIGN_IDENTITY[sdk=iphoneos*]" = "iPhone Developer";
				INFOPLIST_FILE = FirebaseChatPrototype/Info.plist;
				LD_RUNPATH_SEARCH_PATHS = "$(inherited) @executable_path/Frameworks";
				PRODUCT_BUNDLE_IDENTIFIER = com.chasegosingtian.FirebaseChatPrototype;
				PRODUCT_NAME = "$(TARGET_NAME)";
				PROVISIONING_PROFILE = "";
			};
			name = Debug;
		};
		4F1E74471D3DC139007DC2C3 /* Release */ = {
			isa = XCBuildConfiguration;
			baseConfigurationReference = 468B624E0A6B872A847FA35F /* Pods-FirebaseChatPrototype.release.xcconfig */;
			buildSettings = {
				ASSETCATALOG_COMPILER_APPICON_NAME = AppIcon;
				CODE_SIGN_IDENTITY = "iPhone Developer";
				"CODE_SIGN_IDENTITY[sdk=iphoneos*]" = "iPhone Developer";
				INFOPLIST_FILE = FirebaseChatPrototype/Info.plist;
				LD_RUNPATH_SEARCH_PATHS = "$(inherited) @executable_path/Frameworks";
				PRODUCT_BUNDLE_IDENTIFIER = com.chasegosingtian.FirebaseChatPrototype;
				PRODUCT_NAME = "$(TARGET_NAME)";
				PROVISIONING_PROFILE = "";
			};
			name = Release;
		};
/* End XCBuildConfiguration section */

/* Begin XCConfigurationList section */
		4F1E74291D3DC139007DC2C3 /* Build configuration list for PBXProject "FirebaseChatPrototype" */ = {
			isa = XCConfigurationList;
			buildConfigurations = (
				4F1E74431D3DC139007DC2C3 /* Debug */,
				4F1E74441D3DC139007DC2C3 /* Release */,
			);
			defaultConfigurationIsVisible = 0;
			defaultConfigurationName = Release;
		};
		4F1E74451D3DC139007DC2C3 /* Build configuration list for PBXNativeTarget "FirebaseChatPrototype" */ = {
			isa = XCConfigurationList;
			buildConfigurations = (
				4F1E74461D3DC139007DC2C3 /* Debug */,
				4F1E74471D3DC139007DC2C3 /* Release */,
			);
			defaultConfigurationIsVisible = 0;
			defaultConfigurationName = Release;
		};
/* End XCConfigurationList section */
	};
	rootObject = 4F1E74261D3DC139007DC2C3 /* Project object */;
}
